
Microsoft Visual Studio Solution File, Format Version 12.00
# Visual Studio Version 16
VisualStudioVersion = 16.0.30330.147
MinimumVisualStudioVersion = 10.0.40219.1
Project("{FAE04EC0-301F-11D3-BF4B-00C04F79EFBC}") = "SearchCourse", "SearchCourse\SearchCourse.csproj", "{8D832AC4-3D5E-46E6-A74B-CEA7D465374B}"
EndProject
Global
	GlobalSection(SolutionConfigurationPlatforms) = preSolution
		Debug|Any CPU = Debug|Any CPU
		Release|Any CPU = Release|Any CPU
	EndGlobalSection
	GlobalSection(ProjectConfigurationPlatforms) = postSolution
		{8D832AC4-3D5E-46E6-A74B-CEA7D465374B}.Debug|Any CPU.ActiveCfg = Debug|Any CPU
		{8D832AC4-3D5E-46E6-A74B-CEA7D465374B}.Debug|Any CPU.Build.0 = Debug|Any CPU
		{8D832AC4-3D5E-46E6-A74B-CEA7D465374B}.Release|Any CPU.ActiveCfg = Release|Any CPU
		{8D832AC4-3D5E-46E6-A74B-CEA7D465374B}.Release|Any CPU.Build.0 = Release|Any CPU
	EndGlobalSection
	GlobalSection(SolutionProperties) = preSolution
		HideSolutionNode = FALSE
	EndGlobalSection
	GlobalSection(ExtensibilityGlobals) = postSolution
		SolutionGuid = {394CD5B3-0F31-49C5-BC3A-E03D6E3490A3}
	EndGlobalSection
EndGlobal
